
Microsoft Visual Studio Solution File, Format Version 12.00
# Visual Studio Version 16
VisualStudioVersion = 16.0.30011.22
MinimumVisualStudioVersion = 10.0.40219.1
Project("{FAE04EC0-301F-11D3-BF4B-00C04F79EFBC}") = "StudentNotes", "StudentNotes\StudentNotes.csproj", "{950795E1-24C4-4CFF-BAF1-DEE354178EC7}"
EndProject
Global
	GlobalSection(SolutionConfigurationPlatforms) = preSolution
		Debug|Any CPU = Debug|Any CPU
		Release|Any CPU = Release|Any CPU
	EndGlobalSection
	GlobalSection(ProjectConfigurationPlatforms) = postSolution
		{950795E1-24C4-4CFF-BAF1-DEE354178EC7}.Debug|Any CPU.ActiveCfg = Debug|Any CPU
		{950795E1-24C4-4CFF-BAF1-DEE354178EC7}.Debug|Any CPU.Build.0 = Debug|Any CPU
		{950795E1-24C4-4CFF-BAF1-DEE354178EC7}.Release|Any CPU.ActiveCfg = Release|Any CPU
		{950795E1-24C4-4CFF-BAF1-DEE354178EC7}.Release|Any CPU.Build.0 = Release|Any CPU
	EndGlobalSection
	GlobalSection(SolutionProperties) = preSolution
		HideSolutionNode = FALSE
	EndGlobalSection
	GlobalSection(ExtensibilityGlobals) = postSolution
		SolutionGuid = {7BA831AE-21A0-4EA8-AB12-AFBB5F407D4F}
	EndGlobalSection
EndGlobal
